
Microsoft Visual Studio Solution File, Format Version 12.00
# Visual Studio 14
VisualStudioVersion = 14.0.23107.0
MinimumVisualStudioVersion = 10.0.40219.1
Project("{FAE04EC0-301F-11D3-BF4B-00C04F79EFBC}") = "FileStreams.Model", "FileStreams.Model\FileStreams.Model.csproj", "{B4032DCC-E103-43CC-A369-193E28329D8B}"
EndProject
Project("{FAE04EC0-301F-11D3-BF4B-00C04F79EFBC}") = "FileStreams.Data", "FileStreams.Data\FileStreams.Data.csproj", "{72495CA2-C702-469E-BBD9-20063C8F0127}"
EndProject
Project("{FAE04EC0-301F-11D3-BF4B-00C04F79EFBC}") = "FileStreams.App", "FileStreams.App\FileStreams.App.csproj", "{3B4C62D3-7CE1-4248-9698-39F7A8F6B000}"
EndProject
Project("{2150E333-8FDC-42A3-9474-1A3956D46DE8}") = ".nuget", ".nuget", "{ABB3E562-E264-4CE2-9070-758808604B80}"
	ProjectSection(SolutionItems) = preProject
		.nuget\NuGet.Config = .nuget\NuGet.Config
		.nuget\NuGet.exe = .nuget\NuGet.exe
		.nuget\NuGet.targets = .nuget\NuGet.targets
	EndProjectSection
EndProject
Global
	GlobalSection(SolutionConfigurationPlatforms) = preSolution
		Debug|Any CPU = Debug|Any CPU
		Release|Any CPU = Release|Any CPU
	EndGlobalSection
	GlobalSection(ProjectConfigurationPlatforms) = postSolution
		{B4032DCC-E103-43CC-A369-193E28329D8B}.Debug|Any CPU.ActiveCfg = Debug|Any CPU
		{B4032DCC-E103-43CC-A369-193E28329D8B}.Debug|Any CPU.Build.0 = Debug|Any CPU
		{B4032DCC-E103-43CC-A369-193E28329D8B}.Release|Any CPU.ActiveCfg = Release|Any CPU
		{B4032DCC-E103-43CC-A369-193E28329D8B}.Release|Any CPU.Build.0 = Release|Any CPU
		{72495CA2-C702-469E-BBD9-20063C8F0127}.Debug|Any CPU.ActiveCfg = Debug|Any CPU
		{72495CA2-C702-469E-BBD9-20063C8F0127}.Debug|Any CPU.Build.0 = Debug|Any CPU
		{72495CA2-C702-469E-BBD9-20063C8F0127}.Release|Any CPU.ActiveCfg = Release|Any CPU
		{72495CA2-C702-469E-BBD9-20063C8F0127}.Release|Any CPU.Build.0 = Release|Any CPU
		{3B4C62D3-7CE1-4248-9698-39F7A8F6B000}.Debug|Any CPU.ActiveCfg = Debug|Any CPU
		{3B4C62D3-7CE1-4248-9698-39F7A8F6B000}.Debug|Any CPU.Build.0 = Debug|Any CPU
		{3B4C62D3-7CE1-4248-9698-39F7A8F6B000}.Release|Any CPU.ActiveCfg = Release|Any CPU
		{3B4C62D3-7CE1-4248-9698-39F7A8F6B000}.Release|Any CPU.Build.0 = Release|Any CPU
	EndGlobalSection
	GlobalSection(SolutionProperties) = preSolution
		HideSolutionNode = FALSE
	EndGlobalSection
EndGlobal
